// !$*UTF8*$!
{
	archiveVersion = 1;
	classes = {
	};
	objectVersion = 46;
	objects = {

/* Begin PBXBuildFile section */
		01EF568E1CA51568000C029D /* DDHomeController.swift in Sources */ = {isa = PBXBuildFile; fileRef = 01EF568C1CA51568000C029D /* DDHomeController.swift */; settings = {ASSET_TAGS = (); }; };
		01EF568F1CA51568000C029D /* DDSplashController.swift in Sources */ = {isa = PBXBuildFile; fileRef = 01EF568D1CA51568000C029D /* DDSplashController.swift */; settings = {ASSET_TAGS = (); }; };
		01EF56921CA516B8000C029D /* DDBaseController.swift in Sources */ = {isa = PBXBuildFile; fileRef = 01EF56911CA516B8000C029D /* DDBaseController.swift */; settings = {ASSET_TAGS = (); }; };
		CF00EC901C982F1600B9F499 /* DownloadDemoTests.swift in Sources */ = {isa = PBXBuildFile; fileRef = CF00EC8F1C982F1600B9F499 /* DownloadDemoTests.swift */; };
		CF00ECAB1C98305D00B9F499 /* AppDelegate.swift in Sources */ = {isa = PBXBuildFile; fileRef = CF00ECA41C98305D00B9F499 /* AppDelegate.swift */; };
		CF00ECB51C9831C500B9F499 /* LaunchScreen.xib in Resources */ = {isa = PBXBuildFile; fileRef = CF00ECB21C9831C500B9F499 /* LaunchScreen.xib */; };
		CF00ECB61C9831C500B9F499 /* Main.storyboard in Resources */ = {isa = PBXBuildFile; fileRef = CF00ECB41C9831C500B9F499 /* Main.storyboard */; };
		CF00ECB81C98320D00B9F499 /* Images.xcassets in Resources */ = {isa = PBXBuildFile; fileRef = CF00ECB71C98320D00B9F499 /* Images.xcassets */; };
		CF00ECBA1C9832FB00B9F499 /* DownloadManager.swift in Sources */ = {isa = PBXBuildFile; fileRef = CF00ECB91C9832FB00B9F499 /* DownloadManager.swift */; };
/* End PBXBuildFile section */

/* Begin PBXContainerItemProxy section */
		CF00EC8A1C982F1600B9F499 /* PBXContainerItemProxy */ = {
			isa = PBXContainerItemProxy;
			containerPortal = CF00EC6C1C982F1600B9F499 /* Project object */;
			proxyType = 1;
			remoteGlobalIDString = CF00EC731C982F1600B9F499;
			remoteInfo = DownloadDemo;
		};
/* End PBXContainerItemProxy section */

/* Begin PBXFileReference section */
		01EF568C1CA51568000C029D /* DDHomeController.swift */ = {isa = PBXFileReference; fileEncoding = 4; lastKnownFileType = sourcecode.swift; path = DDHomeController.swift; sourceTree = "<group>"; };
		01EF568D1CA51568000C029D /* DDSplashController.swift */ = {isa = PBXFileReference; fileEncoding = 4; lastKnownFileType = sourcecode.swift; path = DDSplashController.swift; sourceTree = "<group>"; };
		01EF56911CA516B8000C029D /* DDBaseController.swift */ = {isa = PBXFileReference; fileEncoding = 4; lastKnownFileType = sourcecode.swift; path = DDBaseController.swift; sourceTree = "<group>"; };
		CF00EC741C982F1600B9F499 /* DownloadDemo.app */ = {isa = PBXFileReference; explicitFileType = wrapper.application; includeInIndex = 0; path = DownloadDemo.app; sourceTree = BUILT_PRODUCTS_DIR; };
		CF00EC891C982F1600B9F499 /* DownloadDemoTests.xctest */ = {isa = PBXFileReference; explicitFileType = wrapper.cfbundle; includeInIndex = 0; path = DownloadDemoTests.xctest; sourceTree = BUILT_PRODUCTS_DIR; };
		CF00EC8E1C982F1600B9F499 /* Info.plist */ = {isa = PBXFileReference; lastKnownFileType = text.plist.xml; path = Info.plist; sourceTree = "<group>"; };
		CF00EC8F1C982F1600B9F499 /* DownloadDemoTests.swift */ = {isa = PBXFileReference; lastKnownFileType = sourcecode.swift; path = DownloadDemoTests.swift; sourceTree = "<group>"; };
		CF00ECA41C98305D00B9F499 /* AppDelegate.swift */ = {isa = PBXFileReference; fileEncoding = 4; lastKnownFileType = sourcecode.swift; path = AppDelegate.swift; sourceTree = "<group>"; };
		CF00ECAC1C9830E900B9F499 /* Info.plist */ = {isa = PBXFileReference; fileEncoding = 4; lastKnownFileType = text.plist.xml; path = Info.plist; sourceTree = "<group>"; };
		CF00ECB21C9831C500B9F499 /* LaunchScreen.xib */ = {isa = PBXFileReference; fileEncoding = 4; lastKnownFileType = file.xib; path = LaunchScreen.xib; sourceTree = "<group>"; };
		CF00ECB41C9831C500B9F499 /* Main.storyboard */ = {isa = PBXFileReference; fileEncoding = 4; lastKnownFileType = file.storyboard; path = Main.storyboard; sourceTree = "<group>"; };
		CF00ECB71C98320D00B9F499 /* Images.xcassets */ = {isa = PBXFileReference; lastKnownFileType = folder.assetcatalog; path = Images.xcassets; sourceTree = "<group>"; };
		CF00ECB91C9832FB00B9F499 /* DownloadManager.swift */ = {isa = PBXFileReference; fileEncoding = 4; lastKnownFileType = sourcecode.swift; path = DownloadManager.swift; sourceTree = "<group>"; };
/* End PBXFileReference section */

/* Begin PBXFrameworksBuildPhase section */
		CF00EC711C982F1600B9F499 /* Frameworks */ = {
			isa = PBXFrameworksBuildPhase;
			buildActionMask = 2147483647;
			files = (
			);
			runOnlyForDeploymentPostprocessing = 0;
		};
		CF00EC861C982F1600B9F499 /* Frameworks */ = {
			isa = PBXFrameworksBuildPhase;
			buildActionMask = 2147483647;
			files = (
			);
			runOnlyForDeploymentPostprocessing = 0;
		};
/* End PBXFrameworksBuildPhase section */

/* Begin PBXGroup section */
		01EF56901CA516B8000C029D /* Generics */ = {
			isa = PBXGroup;
			children = (
				01EF56911CA516B8000C029D /* DDBaseController.swift */,
			);
			path = Generics;
			sourceTree = "<group>";
		};
		CF00EC6B1C982F1600B9F499 = {
			isa = PBXGroup;
			children = (
				CF00EC761C982F1600B9F499 /* DownloadDemo */,
				CF00EC8C1C982F1600B9F499 /* DownloadDemoTests */,
				CF00EC751C982F1600B9F499 /* Products */,
			);
			sourceTree = "<group>";
		};
		CF00EC751C982F1600B9F499 /* Products */ = {
			isa = PBXGroup;
			children = (
				CF00EC741C982F1600B9F499 /* DownloadDemo.app */,
				CF00EC891C982F1600B9F499 /* DownloadDemoTests.xctest */,
			);
			name = Products;
			sourceTree = "<group>";
		};
		CF00EC761C982F1600B9F499 /* DownloadDemo */ = {
			isa = PBXGroup;
			children = (
				CF00EC9E1C98305D00B9F499 /* Source */,
			);
			path = DownloadDemo;
			sourceTree = "<group>";
		};
		CF00EC8C1C982F1600B9F499 /* DownloadDemoTests */ = {
			isa = PBXGroup;
			children = (
				CF00EC8F1C982F1600B9F499 /* DownloadDemoTests.swift */,
				CF00EC8D1C982F1600B9F499 /* Supporting Files */,
			);
			path = DownloadDemoTests;
			sourceTree = "<group>";
		};
		CF00EC8D1C982F1600B9F499 /* Supporting Files */ = {
			isa = PBXGroup;
			children = (
				CF00EC8E1C982F1600B9F499 /* Info.plist */,
			);
			name = "Supporting Files";
			sourceTree = "<group>";
		};
		CF00EC9E1C98305D00B9F499 /* Source */ = {
			isa = PBXGroup;
			children = (
				CF00ECB01C9831C500B9F499 /* UI */,
				CF00EC9F1C98305D00B9F499 /* Classes */,
				CF00ECA61C98305D00B9F499 /* Resources */,
			);
			path = Source;
			sourceTree = "<group>";
		};
		CF00EC9F1C98305D00B9F499 /* Classes */ = {
			isa = PBXGroup;
			children = (
				01EF56901CA516B8000C029D /* Generics */,
				CF00ECA01C98305D00B9F499 /* Controllers */,
				CF00ECA21C98305D00B9F499 /* Models */,
				CF00ECA31C98305D00B9F499 /* OtherUtilities */,
				CF00ECA51C98305D00B9F499 /* Views */,
			);
			path = Classes;
			sourceTree = "<group>";
		};
		CF00ECA01C98305D00B9F499 /* Controllers */ = {
			isa = PBXGroup;
			children = (
				01EF568C1CA51568000C029D /* DDHomeController.swift */,
				01EF568D1CA51568000C029D /* DDSplashController.swift */,
			);
			path = Controllers;
			sourceTree = "<group>";
		};
		CF00ECA21C98305D00B9F499 /* Models */ = {
			isa = PBXGroup;
			children = (
			);
			path = Models;
			sourceTree = "<group>";
		};
		CF00ECA31C98305D00B9F499 /* OtherUtilities */ = {
			isa = PBXGroup;
			children = (
				CF00ECA41C98305D00B9F499 /* AppDelegate.swift */,
				CF00ECB91C9832FB00B9F499 /* DownloadManager.swift */,
			);
			path = OtherUtilities;
			sourceTree = "<group>";
		};
		CF00ECA51C98305D00B9F499 /* Views */ = {
			isa = PBXGroup;
			children = (
			);
			path = Views;
			sourceTree = "<group>";
		};
		CF00ECA61C98305D00B9F499 /* Resources */ = {
			isa = PBXGroup;
			children = (
				CF00ECA71C98305D00B9F499 /* Images */,
				CF00ECA81C98305D00B9F499 /* PropertyLists */,
			);
			path = Resources;
			sourceTree = "<group>";
		};
		CF00ECA71C98305D00B9F499 /* Images */ = {
			isa = PBXGroup;
			children = (
				CF00ECB71C98320D00B9F499 /* Images.xcassets */,
			);
			path = Images;
			sourceTree = "<group>";
		};
		CF00ECA81C98305D00B9F499 /* PropertyLists */ = {
			isa = PBXGroup;
			children = (
				CF00ECAC1C9830E900B9F499 /* Info.plist */,
			);
			path = PropertyLists;
			sourceTree = "<group>";
		};
		CF00ECB01C9831C500B9F499 /* UI */ = {
			isa = PBXGroup;
			children = (
				CF00ECB11C9831C500B9F499 /* Nibs */,
				CF00ECB31C9831C500B9F499 /* Storyboards */,
			);
			path = UI;
			sourceTree = "<group>";
		};
		CF00ECB11C9831C500B9F499 /* Nibs */ = {
			isa = PBXGroup;
			children = (
				CF00ECB21C9831C500B9F499 /* LaunchScreen.xib */,
			);
			path = Nibs;
			sourceTree = "<group>";
		};
		CF00ECB31C9831C500B9F499 /* Storyboards */ = {
			isa = PBXGroup;
			children = (
				CF00ECB41C9831C500B9F499 /* Main.storyboard */,
			);
			path = Storyboards;
			sourceTree = "<group>";
		};
/* End PBXGroup section */

/* Begin PBXNativeTarget section */
		CF00EC731C982F1600B9F499 /* DownloadDemo */ = {
			isa = PBXNativeTarget;
			buildConfigurationList = CF00EC931C982F1600B9F499 /* Build configuration list for PBXNativeTarget "DownloadDemo" */;
			buildPhases = (
				CF00EC701C982F1600B9F499 /* Sources */,
				CF00EC711C982F1600B9F499 /* Frameworks */,
				CF00EC721C982F1600B9F499 /* Resources */,
			);
			buildRules = (
			);
			dependencies = (
			);
			name = DownloadDemo;
			productName = DownloadDemo;
			productReference = CF00EC741C982F1600B9F499 /* DownloadDemo.app */;
			productType = "com.apple.product-type.application";
		};
		CF00EC881C982F1600B9F499 /* DownloadDemoTests */ = {
			isa = PBXNativeTarget;
			buildConfigurationList = CF00EC961C982F1600B9F499 /* Build configuration list for PBXNativeTarget "DownloadDemoTests" */;
			buildPhases = (
				CF00EC851C982F1600B9F499 /* Sources */,
				CF00EC861C982F1600B9F499 /* Frameworks */,
				CF00EC871C982F1600B9F499 /* Resources */,
			);
			buildRules = (
			);
			dependencies = (
				CF00EC8B1C982F1600B9F499 /* PBXTargetDependency */,
			);
			name = DownloadDemoTests;
			productName = DownloadDemoTests;
			productReference = CF00EC891C982F1600B9F499 /* DownloadDemoTests.xctest */;
			productType = "com.apple.product-type.bundle.unit-test";
		};
/* End PBXNativeTarget section */

/* Begin PBXProject section */
		CF00EC6C1C982F1600B9F499 /* Project object */ = {
			isa = PBXProject;
			attributes = {
				CLASSPREFIX = DD;
				LastUpgradeCheck = 0640;
				ORGANIZATIONNAME = Robosoft;
				TargetAttributes = {
					CF00EC731C982F1600B9F499 = {
						CreatedOnToolsVersion = 6.4;
					};
					CF00EC881C982F1600B9F499 = {
						CreatedOnToolsVersion = 6.4;
						TestTargetID = CF00EC731C982F1600B9F499;
					};
				};
			};
			buildConfigurationList = CF00EC6F1C982F1600B9F499 /* Build configuration list for PBXProject "DownloadDemo" */;
			compatibilityVersion = "Xcode 3.2";
			developmentRegion = English;
			hasScannedForEncodings = 0;
			knownRegions = (
				en,
				Base,
			);
			mainGroup = CF00EC6B1C982F1600B9F499;
			productRefGroup = CF00EC751C982F1600B9F499 /* Products */;
			projectDirPath = "";
			projectRoot = "";
			targets = (
				CF00EC731C982F1600B9F499 /* DownloadDemo */,
				CF00EC881C982F1600B9F499 /* DownloadDemoTests */,
			);
		};
/* End PBXProject section */

/* Begin PBXResourcesBuildPhase section */
		CF00EC721C982F1600B9F499 /* Resources */ = {
			isa = PBXResourcesBuildPhase;
			buildActionMask = 2147483647;
			files = (
				CF00ECB81C98320D00B9F499 /* Images.xcassets in Resources */,
				CF00ECB51C9831C500B9F499 /* LaunchScreen.xib in Resources */,
				CF00ECB61C9831C500B9F499 /* Main.storyboard in Resources */,
			);
			runOnlyForDeploymentPostprocessing = 0;
		};
		CF00EC871C982F1600B9F499 /* Resources */ = {
			isa = PBXResourcesBuildPhase;
			buildActionMask = 2147483647;
			files = (
			);
			runOnlyForDeploymentPostprocessing = 0;
		};
/* End PBXResourcesBuildPhase section */

/* Begin PBXSourcesBuildPhase section */
		CF00EC701C982F1600B9F499 /* Sources */ = {
			isa = PBXSourcesBuildPhase;
			buildActionMask = 2147483647;
			files = (
				01EF568F1CA51568000C029D /* DDSplashController.swift in Sources */,
				CF00ECAB1C98305D00B9F499 /* AppDelegate.swift in Sources */,
				CF00ECBA1C9832FB00B9F499 /* DownloadManager.swift in Sources */,
				01EF568E1CA51568000C029D /* DDHomeController.swift in Sources */,
				01EF56921CA516B8000C029D /* DDBaseController.swift in Sources */,
			);
			runOnlyForDeploymentPostprocessing = 0;
		};
		CF00EC851C982F1600B9F499 /* Sources */ = {
			isa = PBXSourcesBuildPhase;
			buildActionMask = 2147483647;
			files = (
				CF00EC901C982F1600B9F499 /* DownloadDemoTests.swift in Sources */,
			);
			runOnlyForDeploymentPostprocessing = 0;
		};
/* End PBXSourcesBuildPhase section */

/* Begin PBXTargetDependency section */
		CF00EC8B1C982F1600B9F499 /* PBXTargetDependency */ = {
			isa = PBXTargetDependency;
			target = CF00EC731C982F1600B9F499 /* DownloadDemo */;
			targetProxy = CF00EC8A1C982F1600B9F499 /* PBXContainerItemProxy */;
		};
/* End PBXTargetDependency section */

/* Begin XCBuildConfiguration section */
		CF00EC911C982F1600B9F499 /* Debug */ = {
			isa = XCBuildConfiguration;
			buildSettings = {
				ALWAYS_SEARCH_USER_PATHS = NO;
				CLANG_CXX_LANGUAGE_STANDARD = "gnu++0x";
				CLANG_CXX_LIBRARY = "libc++";
				CLANG_ENABLE_MODULES = YES;
				CLANG_ENABLE_OBJC_ARC = YES;
				CLANG_WARN_BOOL_CONVERSION = YES;
				CLANG_WARN_CONSTANT_CONVERSION = YES;
				CLANG_WARN_DIRECT_OBJC_ISA_USAGE = YES_ERROR;
				CLANG_WARN_EMPTY_BODY = YES;
				CLANG_WARN_ENUM_CONVERSION = YES;
				CLANG_WARN_INT_CONVERSION = YES;
				CLANG_WARN_OBJC_ROOT_CLASS = YES_ERROR;
				CLANG_WARN_UNREACHABLE_CODE = YES;
				CLANG_WARN__DUPLICATE_METHOD_MATCH = YES;
				"CODE_SIGN_IDENTITY[sdk=iphoneos*]" = "iPhone Developer";
				COPY_PHASE_STRIP = NO;
				DEBUG_INFORMATION_FORMAT = "dwarf-with-dsym";
				ENABLE_STRICT_OBJC_MSGSEND = YES;
				GCC_C_LANGUAGE_STANDARD = gnu99;
				GCC_DYNAMIC_NO_PIC = NO;
				GCC_NO_COMMON_BLOCKS = YES;
				GCC_OPTIMIZATION_LEVEL = 0;
				GCC_PREPROCESSOR_DEFINITIONS = (
					"DEBUG=1",
					"$(inherited)",
				);
				GCC_SYMBOLS_PRIVATE_EXTERN = NO;
				GCC_WARN_64_TO_32_BIT_CONVERSION = YES;
				GCC_WARN_ABOUT_RETURN_TYPE = YES_ERROR;
				GCC_WARN_UNDECLARED_SELECTOR = YES;
				GCC_WARN_UNINITIALIZED_AUTOS = YES_AGGRESSIVE;
				GCC_WARN_UNUSED_FUNCTION = YES;
				GCC_WARN_UNUSED_VARIABLE = YES;
				IPHONEOS_DEPLOYMENT_TARGET = 8.4;
				MTL_ENABLE_DEBUG_INFO = YES;
				ONLY_ACTIVE_ARCH = YES;
				SDKROOT = iphoneos;
				SWIFT_OPTIMIZATION_LEVEL = "-Onone";
				TARGETED_DEVICE_FAMILY = "1,2";
			};
			name = Debug;
		};
		CF00EC921C982F1600B9F499 /* Release */ = {
			isa = XCBuildConfiguration;
			buildSettings = {
				ALWAYS_SEARCH_USER_PATHS = NO;
				CLANG_CXX_LANGUAGE_STANDARD = "gnu++0x";
				CLANG_CXX_LIBRARY = "libc++";
				CLANG_ENABLE_MODULES = YES;
				CLANG_ENABLE_OBJC_ARC = YES;
				CLANG_WARN_BOOL_CONVERSION = YES;
				CLANG_WARN_CONSTANT_CONVERSION = YES;
				CLANG_WARN_DIRECT_OBJC_ISA_USAGE = YES_ERROR;
				CLANG_WARN_EMPTY_BODY = YES;
				CLANG_WARN_ENUM_CONVERSION = YES;
				CLANG_WARN_INT_CONVERSION = YES;
				CLANG_WARN_OBJC_ROOT_CLASS = YES_ERROR;
				CLANG_WARN_UNREACHABLE_CODE = YES;
				CLANG_WARN__DUPLICATE_METHOD_MATCH = YES;
				"CODE_SIGN_IDENTITY[sdk=iphoneos*]" = "iPhone Developer";
				COPY_PHASE_STRIP = NO;
				DEBUG_INFORMATION_FORMAT = "dwarf-with-dsym";
				ENABLE_NS_ASSERTIONS = NO;
				ENABLE_STRICT_OBJC_MSGSEND = YES;
				GCC_C_LANGUAGE_STANDARD = gnu99;
				GCC_NO_COMMON_BLOCKS = YES;
				GCC_WARN_64_TO_32_BIT_CONVERSION = YES;
				GCC_WARN_ABOUT_RETURN_TYPE = YES_ERROR;
				GCC_WARN_UNDECLARED_SELECTOR = YES;
				GCC_WARN_UNINITIALIZED_AUTOS = YES_AGGRESSIVE;
				GCC_WARN_UNUSED_FUNCTION = YES;
				GCC_WARN_UNUSED_VARIABLE = YES;
				IPHONEOS_DEPLOYMENT_TARGET = 8.4;
				MTL_ENABLE_DEBUG_INFO = NO;
				SDKROOT = iphoneos;
				TARGETED_DEVICE_FAMILY = "1,2";
				VALIDATE_PRODUCT = YES;
			};
			name = Release;
		};
		CF00EC941C982F1600B9F499 /* Debug */ = {
			isa = XCBuildConfiguration;
			buildSettings = {
				ASSETCATALOG_COMPILER_APPICON_NAME = AppIcon;
				INFOPLIST_FILE = "$(SRCROOT)/DownloadDemo/Source/Resources/PropertyLists/Info.plist";
				LD_RUNPATH_SEARCH_PATHS = "$(inherited) @executable_path/Frameworks";
				PRODUCT_NAME = "$(TARGET_NAME)";
			};
			name = Debug;
		};
		CF00EC951C982F1600B9F499 /* Release */ = {
			isa = XCBuildConfiguration;
			buildSettings = {
				ASSETCATALOG_COMPILER_APPICON_NAME = AppIcon;
				INFOPLIST_FILE = "$(SRCROOT)/DownloadDemo/Source/Resources/PropertyLists/Info.plist";
				LD_RUNPATH_SEARCH_PATHS = "$(inherited) @executable_path/Frameworks";
				PRODUCT_NAME = "$(TARGET_NAME)";
			};
			name = Release;
		};
		CF00EC971C982F1600B9F499 /* Debug */ = {
			isa = XCBuildConfiguration;
			buildSettings = {
				BUNDLE_LOADER = "$(TEST_HOST)";
				FRAMEWORK_SEARCH_PATHS = (
					"$(SDKROOT)/Developer/Library/Frameworks",
					"$(inherited)",
				);
				GCC_PREPROCESSOR_DEFINITIONS = (
					"DEBUG=1",
					"$(inherited)",
				);
				INFOPLIST_FILE = DownloadDemoTests/Info.plist;
				LD_RUNPATH_SEARCH_PATHS = "$(inherited) @executable_path/Frameworks @loader_path/Frameworks";
				PRODUCT_NAME = "$(TARGET_NAME)";
				TEST_HOST = "$(BUILT_PRODUCTS_DIR)/DownloadDemo.app/DownloadDemo";
			};
			name = Debug;
		};
		CF00EC981C982F1600B9F499 /* Release */ = {
			isa = XCBuildConfiguration;
			buildSettings = {
				BUNDLE_LOADER = "$(TEST_HOST)";
				FRAMEWORK_SEARCH_PATHS = (
					"$(SDKROOT)/Developer/Library/Frameworks",
					"$(inherited)",
				);
				INFOPLIST_FILE = DownloadDemoTests/Info.plist;
				LD_RUNPATH_SEARCH_PATHS = "$(inherited) @executable_path/Frameworks @loader_path/Frameworks";
				PRODUCT_NAME = "$(TARGET_NAME)";
				TEST_HOST = "$(BUILT_PRODUCTS_DIR)/DownloadDemo.app/DownloadDemo";
			};
			name = Release;
		};
/* End XCBuildConfiguration section */

/* Begin XCConfigurationList section */
		CF00EC6F1C982F1600B9F499 /* Build configuration list for PBXProject "DownloadDemo" */ = {
			isa = XCConfigurationList;
			buildConfigurations = (
				CF00EC911C982F1600B9F499 /* Debug */,
				CF00EC921C982F1600B9F499 /* Release */,
			);
			defaultConfigurationIsVisible = 0;
			defaultConfigurationName = Release;
		};
		CF00EC931C982F1600B9F499 /* Build configuration list for PBXNativeTarget "DownloadDemo" */ = {
			isa = XCConfigurationList;
			buildConfigurations = (
				CF00EC941C982F1600B9F499 /* Debug */,
				CF00EC951C982F1600B9F499 /* Release */,
			);
			defaultConfigurationIsVisible = 0;
			defaultConfigurationName = Release;
		};
		CF00EC961C982F1600B9F499 /* Build configuration list for PBXNativeTarget "DownloadDemoTests" */ = {
			isa = XCConfigurationList;
			buildConfigurations = (
				CF00EC971C982F1600B9F499 /* Debug */,
				CF00EC981C982F1600B9F499 /* Release */,
			);
			defaultConfigurationIsVisible = 0;
			defaultConfigurationName = Release;
		};
/* End XCConfigurationList section */
	};
	rootObject = CF00EC6C1C982F1600B9F499 /* Project object */;
}
